PODS:
  - DACircularProgress (2.3.1)
  - DZNEmptyDataSet (1.8.1)
  - EJTools (1.0.6):
    - EJTools/EJWebImgCache (= 1.0.6)
    - EJTools/EmptyPage (= 1.0.6)
    - EJTools/ProgressHUD (= 1.0.6)
    - EJTools/RefreshControl (= 1.0.6)
    - YYKit
  - EJTools/EJWebImgCache (1.0.6):
    - SDWebImage
    - YYKit
  - EJTools/EmptyPage (1.0.6):
    - DZNEmptyDataSet
    - LSToolsKit
    - YYKit
  - EJTools/ProgressHUD (1.0.6):
    - MBProgressHUD
    - YYKit
  - EJTools/RefreshControl (1.0.6):
    - MJRefresh
    - YYKit
  - EJWarningCardKit (0.0.1)
  - FDFullscreenPopGesture (1.1)
  - JoyssomTool (0.0.1)
  - JPImageresizerView (1.1.0)
  - LSToolsKit (1.0.4):
    - LSToolsKit/DataSource (= 1.0.4)
    - LSToolsKit/Foundation (= 1.0.4)
    - LSToolsKit/UIKit (= 1.0.4)
  - LSToolsKit/DataSource (1.0.4):
    - LSToolsKit/Foundation
  - LSToolsKit/Foundation (1.0.4)
  - LSToolsKit/UIKit (1.0.4):
    - SDWebImage
  - Masonry (1.1.0)
  - MBProgressHUD (1.1.0)
  - MJRefresh (3.2.0)
  - SDWebImage (5.1.0):
    - SDWebImage/Core (= 5.1.0)
  - SDWebImage/Core (5.1.0)
  - YYKit (1.0.9):
    - YYKit/no-arc (= 1.0.9)
  - YYKit/no-arc (1.0.9)

DEPENDENCIES:
  - DACircularProgress
  - EJTools
  - EJWarningCardKit
  - FDFullscreenPopGesture
  - JoyssomTool
  - JPImageresizerView
  - LSToolsKit
  - Masonry
  - MBProgressHUD
  - SDWebImage
  - YYKit

SPEC REPOS:
  https://github.com/cocoapods/specs.git:
    - DACircularProgress
    - DZNEmptyDataSet
    - EJTools
    - EJWarningCardKit
    - FDFullscreenPopGesture
    - JoyssomTool
    - JPImageresizerView
    - LSToolsKit
    - Masonry
    - MBProgressHUD
    - MJRefresh
    - SDWebImage
    - YYKit

SPEC CHECKSUMS:
  DACircularProgress: 4dd437c0fc3da5161cb289e07ac449493d41db71
  DZNEmptyDataSet: 9525833b9e68ac21c30253e1d3d7076cc828eaa7
  EJTools: d6b73d69a3b6ea17bb8efb8d936223221b444d25
  EJWarningCardKit: 7be10d92df4d8eb2a870411cb7086d1d2e333b22
  FDFullscreenPopGesture: a8a620179e3d9c40e8e00256dcee1c1a27c6d0f0
  JoyssomTool: e7a6e6e0efdb671fb615b2c688347628754b74eb
  JPImageresizerView: ff890718d504309d78530c65e7cc7e477a048c35
  LSToolsKit: 5fa18cac9718b1986105a2720013572a2153acb7
  Masonry: 678fab65091a9290e40e2832a55e7ab731aad201
  MBProgressHUD: e7baa36a220447d8aeb12769bf0585582f3866d9
  MJRefresh: ed450d6eb9d3346a2cb033ab7eb6de090aeef437
  SDWebImage: fb387001955223213dde14bc08c8b73f371f8d8f
  YYKit: 7cda43304a8dc3696c449041e2cb3107b4e236e7

PODFILE CHECKSUM: dadf07580b2f526b64bf81c05a262018a7062fcf

COCOAPODS: 1.7.5
